
Microsoft Visual Studio Solution File, Format Version 12.00
# Visual Studio Version 17
VisualStudioVersion = 17.3.32901.215
MinimumVisualStudioVersion = 10.0.40219.1
Project("{FAE04EC0-301F-11D3-BF4B-00C04F79EFBC}") = "Popcorn_project", "Popcorn_project.csproj", "{07968ACA-F417-4246-9CAC-8B7539F2263B}"
EndProject
Global
	GlobalSection(SolutionConfigurationPlatforms) = preSolution
		Debug|Any CPU = Debug|Any CPU
		Release|Any CPU = Release|Any CPU
	EndGlobalSection
	GlobalSection(ProjectConfigurationPlatforms) = postSolution
		{07968ACA-F417-4246-9CAC-8B7539F2263B}.Debug|Any CPU.ActiveCfg = Debug|Any CPU
		{07968ACA-F417-4246-9CAC-8B7539F2263B}.Debug|Any CPU.Build.0 = Debug|Any CPU
		{07968ACA-F417-4246-9CAC-8B7539F2263B}.Release|Any CPU.ActiveCfg = Release|Any CPU
		{07968ACA-F417-4246-9CAC-8B7539F2263B}.Release|Any CPU.Build.0 = Release|Any CPU
	EndGlobalSection
	GlobalSection(SolutionProperties) = preSolution
		HideSolutionNode = FALSE
	EndGlobalSection
	GlobalSection(ExtensibilityGlobals) = postSolution
		SolutionGuid = {1C1E1C63-0B2E-4711-8624-DFC1913E1E30}
	EndGlobalSection
EndGlobal
